{
  "nodes": {
    "mk-minimal-shell": {
      "locked": {
        "lastModified": 1733373576,
        "narHash": "sha256-mHQFMP0KUxmbmzhHIpXNFFH4aghme1spf+lX3dNf2CQ=",
        "owner": "n-hass",
        "repo": "mk-minimal-shell",
        "rev": "a79cd6b7e2dc701eaf85ba104b57de9f365f953a",
        "type": "github"
      },
      "original": {
        "owner": "n-hass",
        "repo": "mk-minimal-shell",
        "type": "github"
      }
    },
    "nixpkgs": {
      "locked": {
        "lastModified": 1742237028,
        "narHash": "sha256-xlpHmgBxUnvHo8FNnju0sgnEyasb4gC607b+keqjmX8=",
        "owner": "NixOS",
        "repo": "nixpkgs",
        "rev": "9bc8a90931262245919a26f995c1f24c6c70d3fe",
        "type": "github"
      },
      "original": {
        "owner": "NixOS",
        "ref": "nixpkgs-unstable",
        "repo": "nixpkgs",
        "type": "github"
      }
    },
    "root": {
      "inputs": {
        "mk-minimal-shell": "mk-minimal-shell",
        "nixpkgs": "nixpkgs"
      }
    }
  },
  "root": "root",
  "version": 7
}
